
Microsoft Visual Studio Solution File, Format Version 12.00
# Visual Studio Version 17
VisualStudioVersion = 17.13.35507.96 d17.13
MinimumVisualStudioVersion = 10.0.40219.1
Project("{FAE04EC0-301F-11D3-BF4B-00C04F79EFBC}") = "SomeLibrary", "SomeLibrary\SomeLibrary.csproj", "{93846D27-9A88-47C3-890F-BC90ADF6CBB1}"
EndProject
Project("{FAE04EC0-301F-11D3-BF4B-00C04F79EFBC}") = "SomeApp", "SomeApp\SomeApp.csproj", "{BD5E5C9B-395B-4729-B26E-A78B7B743E09}"
EndProject
Global
	GlobalSection(SolutionConfigurationPlatforms) = preSolution
		Debug|Any CPU = Debug|Any CPU
		Release|Any CPU = Release|Any CPU
	EndGlobalSection
	GlobalSection(ProjectConfigurationPlatforms) = postSolution
		{93846D27-9A88-47C3-890F-BC90ADF6CBB1}.Debug|Any CPU.ActiveCfg = Debug|Any CPU
		{93846D27-9A88-47C3-890F-BC90ADF6CBB1}.Debug|Any CPU.Build.0 = Debug|Any CPU
		{93846D27-9A88-47C3-890F-BC90ADF6CBB1}.Release|Any CPU.ActiveCfg = Release|Any CPU
		{93846D27-9A88-47C3-890F-BC90ADF6CBB1}.Release|Any CPU.Build.0 = Release|Any CPU
		{BD5E5C9B-395B-4729-B26E-A78B7B743E09}.Debug|Any CPU.ActiveCfg = Debug|Any CPU
		{BD5E5C9B-395B-4729-B26E-A78B7B743E09}.Debug|Any CPU.Build.0 = Debug|Any CPU
		{BD5E5C9B-395B-4729-B26E-A78B7B743E09}.Release|Any CPU.ActiveCfg = Release|Any CPU
		{BD5E5C9B-395B-4729-B26E-A78B7B743E09}.Release|Any CPU.Build.0 = Release|Any CPU
	EndGlobalSection
	GlobalSection(SolutionProperties) = preSolution
		HideSolutionNode = FALSE
	EndGlobalSection
	GlobalSection(ExtensibilityGlobals) = postSolution
		SolutionGuid = {B7D51D77-4619-4F70-9187-9F9EBED03E73}
	EndGlobalSection
EndGlobal
